
Microsoft Visual Studio Solution File, Format Version 12.00
# Visual Studio Version 16
VisualStudioVersion = 16.0.30611.23
MinimumVisualStudioVersion = 10.0.40219.1
Project("{FAE04EC0-301F-11D3-BF4B-00C04F79EFBC}") = "TextAdd", "TextAdd\TextAdd.csproj", "{818B225C-E053-4C85-B9F4-49D4F711A807}"
EndProject
Global
	GlobalSection(SolutionConfigurationPlatforms) = preSolution
		Debug|Any CPU = Debug|Any CPU
		Release|Any CPU = Release|Any CPU
	EndGlobalSection
	GlobalSection(ProjectConfigurationPlatforms) = postSolution
		{818B225C-E053-4C85-B9F4-49D4F711A807}.Debug|Any CPU.ActiveCfg = Debug|Any CPU
		{818B225C-E053-4C85-B9F4-49D4F711A807}.Debug|Any CPU.Build.0 = Debug|Any CPU
		{818B225C-E053-4C85-B9F4-49D4F711A807}.Release|Any CPU.ActiveCfg = Release|Any CPU
		{818B225C-E053-4C85-B9F4-49D4F711A807}.Release|Any CPU.Build.0 = Release|Any CPU
	EndGlobalSection
	GlobalSection(SolutionProperties) = preSolution
		HideSolutionNode = FALSE
	EndGlobalSection
	GlobalSection(ExtensibilityGlobals) = postSolution
		SolutionGuid = {5149D623-0B76-43AE-9589-30C7FA87809F}
	EndGlobalSection
EndGlobal
